
Microsoft Visual Studio Solution File, Format Version 12.00
# Visual Studio Version 16
VisualStudioVersion = 16.0.28803.156
MinimumVisualStudioVersion = 10.0.40219.1
Project("{2150E333-8FDC-42A3-9474-1A3956D46DE8}") = "src", "src", "{490DAED7-DAD8-459A-A20E-F57F2F6F619E}"
EndProject
Project("{2150E333-8FDC-42A3-9474-1A3956D46DE8}") = "test", "test", "{CF1ABDEA-794F-4474-858D-BCB61F367D72}"
EndProject
Project("{9A19103F-16F7-4668-BE54-9A1E7A4F7556}") = "MongODM.Hangfire", "src\MongODM.Hangfire\MongODM.Hangfire.csproj", "{10897D0D-4898-4A4D-8D1E-B2435E93D9A1}"
EndProject
Project("{9A19103F-16F7-4668-BE54-9A1E7A4F7556}") = "ExecutionContext", "src\ExecutionContext\ExecutionContext.csproj", "{DB6C020D-1C93-4456-8FB5-EF7CF505DF7B}"
EndProject
Project("{9A19103F-16F7-4668-BE54-9A1E7A4F7556}") = "ExecutionContext.Tests", "test\ExecutionContext.Tests\ExecutionContext.Tests.csproj", "{BF4F963A-DBCE-4C53-A209-502F4CAF12C5}"
EndProject
Project("{9A19103F-16F7-4668-BE54-9A1E7A4F7556}") = "MongODM.AspNetCore", "src\MongODM.AspNetCore\MongODM.AspNetCore.csproj", "{6374F645-5D17-494E-9529-7F83426900B3}"
EndProject
Project("{9A19103F-16F7-4668-BE54-9A1E7A4F7556}") = "MongODM.Core", "src\MongODM.Core\MongODM.Core.csproj", "{4F2498A9-D60D-4D49-95B9-BC78EE2917B5}"
EndProject
Project("{9A19103F-16F7-4668-BE54-9A1E7A4F7556}") = "MongODM.Core.Tests", "test\MongODM.Core.Tests\MongODM.Core.Tests.csproj", "{50D6BEE5-54B5-43F3-BA92-6107AB6E311E}"
EndProject
Project("{2150E333-8FDC-42A3-9474-1A3956D46DE8}") = "Solution Items", "Solution Items", "{03C64D98-FF9F-4760-AE82-203953FF4940}"
	ProjectSection(SolutionItems) = preProject
		.gitignore = .gitignore
	EndProjectSection
EndProject
Project("{2150E333-8FDC-42A3-9474-1A3956D46DE8}") = "workflows", "workflows", "{D4BB5972-5F7B-43ED-81C1-69ECF0E62D1E}"
	ProjectSection(SolutionItems) = preProject
		.github\workflows\myget-feature-deploy.yml = .github\workflows\myget-feature-deploy.yml
		.github\workflows\myget-unstable-deploy.yml = .github\workflows\myget-unstable-deploy.yml
		.github\workflows\nuget-stable-deploy.yml = .github\workflows\nuget-stable-deploy.yml
	EndProjectSection
EndProject
Global
	GlobalSection(SolutionConfigurationPlatforms) = preSolution
		Debug|Any CPU = Debug|Any CPU
		Release|Any CPU = Release|Any CPU
	EndGlobalSection
	GlobalSection(ProjectConfigurationPlatforms) = postSolution
		{10897D0D-4898-4A4D-8D1E-B2435E93D9A1}.Debug|Any CPU.ActiveCfg = Debug|Any CPU
		{10897D0D-4898-4A4D-8D1E-B2435E93D9A1}.Debug|Any CPU.Build.0 = Debug|Any CPU
		{10897D0D-4898-4A4D-8D1E-B2435E93D9A1}.Release|Any CPU.ActiveCfg = Release|Any CPU
		{10897D0D-4898-4A4D-8D1E-B2435E93D9A1}.Release|Any CPU.Build.0 = Release|Any CPU
		{DB6C020D-1C93-4456-8FB5-EF7CF505DF7B}.Debug|Any CPU.ActiveCfg = Debug|Any CPU
		{DB6C020D-1C93-4456-8FB5-EF7CF505DF7B}.Debug|Any CPU.Build.0 = Debug|Any CPU
		{DB6C020D-1C93-4456-8FB5-EF7CF505DF7B}.Release|Any CPU.ActiveCfg = Release|Any CPU
		{DB6C020D-1C93-4456-8FB5-EF7CF505DF7B}.Release|Any CPU.Build.0 = Release|Any CPU
		{BF4F963A-DBCE-4C53-A209-502F4CAF12C5}.Debug|Any CPU.ActiveCfg = Debug|Any CPU
		{BF4F963A-DBCE-4C53-A209-502F4CAF12C5}.Debug|Any CPU.Build.0 = Debug|Any CPU
		{BF4F963A-DBCE-4C53-A209-502F4CAF12C5}.Release|Any CPU.ActiveCfg = Release|Any CPU
		{BF4F963A-DBCE-4C53-A209-502F4CAF12C5}.Release|Any CPU.Build.0 = Release|Any CPU
		{6374F645-5D17-494E-9529-7F83426900B3}.Debug|Any CPU.ActiveCfg = Debug|Any CPU
		{6374F645-5D17-494E-9529-7F83426900B3}.Debug|Any CPU.Build.0 = Debug|Any CPU
		{6374F645-5D17-494E-9529-7F83426900B3}.Release|Any CPU.ActiveCfg = Release|Any CPU
		{6374F645-5D17-494E-9529-7F83426900B3}.Release|Any CPU.Build.0 = Release|Any CPU
		{4F2498A9-D60D-4D49-95B9-BC78EE2917B5}.Debug|Any CPU.ActiveCfg = Debug|Any CPU
		{4F2498A9-D60D-4D49-95B9-BC78EE2917B5}.Debug|Any CPU.Build.0 = Debug|Any CPU
		{4F2498A9-D60D-4D49-95B9-BC78EE2917B5}.Release|Any CPU.ActiveCfg = Release|Any CPU
		{4F2498A9-D60D-4D49-95B9-BC78EE2917B5}.Release|Any CPU.Build.0 = Release|Any CPU
		{50D6BEE5-54B5-43F3-BA92-6107AB6E311E}.Debug|Any CPU.ActiveCfg = Debug|Any CPU
		{50D6BEE5-54B5-43F3-BA92-6107AB6E311E}.Debug|Any CPU.Build.0 = Debug|Any CPU
		{50D6BEE5-54B5-43F3-BA92-6107AB6E311E}.Release|Any CPU.ActiveCfg = Release|Any CPU
		{50D6BEE5-54B5-43F3-BA92-6107AB6E311E}.Release|Any CPU.Build.0 = Release|Any CPU
	EndGlobalSection
	GlobalSection(SolutionProperties) = preSolution
		HideSolutionNode = FALSE
	EndGlobalSection
	GlobalSection(NestedProjects) = preSolution
		{10897D0D-4898-4A4D-8D1E-B2435E93D9A1} = {490DAED7-DAD8-459A-A20E-F57F2F6F619E}
		{DB6C020D-1C93-4456-8FB5-EF7CF505DF7B} = {490DAED7-DAD8-459A-A20E-F57F2F6F619E}
		{BF4F963A-DBCE-4C53-A209-502F4CAF12C5} = {CF1ABDEA-794F-4474-858D-BCB61F367D72}
		{6374F645-5D17-494E-9529-7F83426900B3} = {490DAED7-DAD8-459A-A20E-F57F2F6F619E}
		{4F2498A9-D60D-4D49-95B9-BC78EE2917B5} = {490DAED7-DAD8-459A-A20E-F57F2F6F619E}
		{50D6BEE5-54B5-43F3-BA92-6107AB6E311E} = {CF1ABDEA-794F-4474-858D-BCB61F367D72}
		{D4BB5972-5F7B-43ED-81C1-69ECF0E62D1E} = {03C64D98-FF9F-4760-AE82-203953FF4940}
	EndGlobalSection
	GlobalSection(ExtensibilityGlobals) = postSolution
		SolutionGuid = {43A8089E-9445-4DE1-B509-F049E211B555}
	EndGlobalSection
EndGlobal
