
Microsoft Visual Studio Solution File, Format Version 12.00
# Visual Studio Version 16
VisualStudioVersion = 16.0.28803.156
MinimumVisualStudioVersion = 10.0.40219.1
Project("{2150E333-8FDC-42A3-9474-1A3956D46DE8}") = "src", "src", "{490DAED7-DAD8-459A-A20E-F57F2F6F619E}"
EndProject
Project("{2150E333-8FDC-42A3-9474-1A3956D46DE8}") = "test", "test", "{CF1ABDEA-794F-4474-858D-BCB61F367D72}"
EndProject
Project("{9A19103F-16F7-4668-BE54-9A1E7A4F7556}") = "MongoDM", "src\MongoDM\MongoDM.csproj", "{AA9CE7D3-169F-4725-970E-4CE900E91EDD}"
EndProject
Project("{9A19103F-16F7-4668-BE54-9A1E7A4F7556}") = "MongoDM.Tests", "test\MongoDM.Tests\MongoDM.Tests.csproj", "{82789357-2EC1-4159-B3F6-0F830ABAFF4C}"
EndProject
Global
	GlobalSection(SolutionConfigurationPlatforms) = preSolution
		Debug|Any CPU = Debug|Any CPU
		Release|Any CPU = Release|Any CPU
	EndGlobalSection
	GlobalSection(ProjectConfigurationPlatforms) = postSolution
		{AA9CE7D3-169F-4725-970E-4CE900E91EDD}.Debug|Any CPU.ActiveCfg = Debug|Any CPU
		{AA9CE7D3-169F-4725-970E-4CE900E91EDD}.Debug|Any CPU.Build.0 = Debug|Any CPU
		{AA9CE7D3-169F-4725-970E-4CE900E91EDD}.Release|Any CPU.ActiveCfg = Release|Any CPU
		{AA9CE7D3-169F-4725-970E-4CE900E91EDD}.Release|Any CPU.Build.0 = Release|Any CPU
		{82789357-2EC1-4159-B3F6-0F830ABAFF4C}.Debug|Any CPU.ActiveCfg = Debug|Any CPU
		{82789357-2EC1-4159-B3F6-0F830ABAFF4C}.Debug|Any CPU.Build.0 = Debug|Any CPU
		{82789357-2EC1-4159-B3F6-0F830ABAFF4C}.Release|Any CPU.ActiveCfg = Release|Any CPU
		{82789357-2EC1-4159-B3F6-0F830ABAFF4C}.Release|Any CPU.Build.0 = Release|Any CPU
	EndGlobalSection
	GlobalSection(SolutionProperties) = preSolution
		HideSolutionNode = FALSE
	EndGlobalSection
	GlobalSection(NestedProjects) = preSolution
		{AA9CE7D3-169F-4725-970E-4CE900E91EDD} = {490DAED7-DAD8-459A-A20E-F57F2F6F619E}
		{82789357-2EC1-4159-B3F6-0F830ABAFF4C} = {CF1ABDEA-794F-4474-858D-BCB61F367D72}
	EndGlobalSection
	GlobalSection(ExtensibilityGlobals) = postSolution
		SolutionGuid = {43A8089E-9445-4DE1-B509-F049E211B555}
	EndGlobalSection
EndGlobal
